// !$*UTF8*$!
{
	archiveVersion = 1;
	classes = {
	};
	objectVersion = 56;
	objects = {

/* Begin PBXBuildFile section */
		F43CE99A2BF59EDB00BB5309 /* FullyReusableMicrowaveApp.swift in Sources */ = {isa = PBXBuildFile; fileRef = F43CE9992BF59EDB00BB5309 /* FullyReusableMicrowaveApp.swift */; };
		F43CE99C2BF59EDB00BB5309 /* GameView.swift in Sources */ = {isa = PBXBuildFile; fileRef = F43CE99B2BF59EDB00BB5309 /* GameView.swift */; };
		F43CE99E2BF59EDD00BB5309 /* Assets.xcassets in Resources */ = {isa = PBXBuildFile; fileRef = F43CE99D2BF59EDD00BB5309 /* Assets.xcassets */; };
		F43CE9A12BF59EDD00BB5309 /* Preview Assets.xcassets in Resources */ = {isa = PBXBuildFile; fileRef = F43CE9A02BF59EDD00BB5309 /* Preview Assets.xcassets */; };
		F43CE9AC2BF59EDD00BB5309 /* FullyReusableMicrowaveTests.swift in Sources */ = {isa = PBXBuildFile; fileRef = F43CE9AB2BF59EDD00BB5309 /* FullyReusableMicrowaveTests.swift */; };
		F43CE9B62BF59EDD00BB5309 /* FullyReusableMicrowaveUITests.swift in Sources */ = {isa = PBXBuildFile; fileRef = F43CE9B52BF59EDD00BB5309 /* FullyReusableMicrowaveUITests.swift */; };
		F43CE9B82BF59EDD00BB5309 /* FullyReusableMicrowaveUITestsLaunchTests.swift in Sources */ = {isa = PBXBuildFile; fileRef = F43CE9B72BF59EDD00BB5309 /* FullyReusableMicrowaveUITestsLaunchTests.swift */; };
/* End PBXBuildFile section */

/* Begin PBXContainerItemProxy section */
		F43CE9A82BF59EDD00BB5309 /* PBXContainerItemProxy */ = {
			isa = PBXContainerItemProxy;
			containerPortal = F43CE98E2BF59EDB00BB5309 /* Project object */;
			proxyType = 1;
			remoteGlobalIDString = F43CE9952BF59EDB00BB5309;
			remoteInfo = FullyReusableMicrowave;
		};
		F43CE9B22BF59EDD00BB5309 /* PBXContainerItemProxy */ = {
			isa = PBXContainerItemProxy;
			containerPortal = F43CE98E2BF59EDB00BB5309 /* Project object */;
			proxyType = 1;
			remoteGlobalIDString = F43CE9952BF59EDB00BB5309;
			remoteInfo = FullyReusableMicrowave;
		};
/* End PBXContainerItemProxy section */

/* Begin PBXFileReference section */
		F43CE9962BF59EDB00BB5309 /* FullyReusableMicrowave.app */ = {isa = PBXFileReference; explicitFileType = wrapper.application; includeInIndex = 0; path = FullyReusableMicrowave.app; sourceTree = BUILT_PRODUCTS_DIR; };
		F43CE9992BF59EDB00BB5309 /* FullyReusableMicrowaveApp.swift */ = {isa = PBXFileReference; lastKnownFileType = sourcecode.swift; path = FullyReusableMicrowaveApp.swift; sourceTree = "<group>"; };
		F43CE99B2BF59EDB00BB5309 /* GameView.swift */ = {isa = PBXFileReference; lastKnownFileType = sourcecode.swift; path = GameView.swift; sourceTree = "<group>"; };
		F43CE99D2BF59EDD00BB5309 /* Assets.xcassets */ = {isa = PBXFileReference; lastKnownFileType = folder.assetcatalog; path = Assets.xcassets; sourceTree = "<group>"; };
		F43CE9A02BF59EDD00BB5309 /* Preview Assets.xcassets */ = {isa = PBXFileReference; lastKnownFileType = folder.assetcatalog; path = "Preview Assets.xcassets"; sourceTree = "<group>"; };
		F43CE9A22BF59EDD00BB5309 /* FullyReusableMicrowave.entitlements */ = {isa = PBXFileReference; lastKnownFileType = text.plist.entitlements; path = FullyReusableMicrowave.entitlements; sourceTree = "<group>"; };
		F43CE9A72BF59EDD00BB5309 /* FullyReusableMicrowaveTests.xctest */ = {isa = PBXFileReference; explicitFileType = wrapper.cfbundle; includeInIndex = 0; path = FullyReusableMicrowaveTests.xctest; sourceTree = BUILT_PRODUCTS_DIR; };
		F43CE9AB2BF59EDD00BB5309 /* FullyReusableMicrowaveTests.swift */ = {isa = PBXFileReference; lastKnownFileType = sourcecode.swift; path = FullyReusableMicrowaveTests.swift; sourceTree = "<group>"; };
		F43CE9B12BF59EDD00BB5309 /* FullyReusableMicrowaveUITests.xctest */ = {isa = PBXFileReference; explicitFileType = wrapper.cfbundle; includeInIndex = 0; path = FullyReusableMicrowaveUITests.xctest; sourceTree = BUILT_PRODUCTS_DIR; };
		F43CE9B52BF59EDD00BB5309 /* FullyReusableMicrowaveUITests.swift */ = {isa = PBXFileReference; lastKnownFileType = sourcecode.swift; path = FullyReusableMicrowaveUITests.swift; sourceTree = "<group>"; };
		F43CE9B72BF59EDD00BB5309 /* FullyReusableMicrowaveUITestsLaunchTests.swift */ = {isa = PBXFileReference; lastKnownFileType = sourcecode.swift; path = FullyReusableMicrowaveUITestsLaunchTests.swift; sourceTree = "<group>"; };
/* End PBXFileReference section */

/* Begin PBXFrameworksBuildPhase section */
		F43CE9932BF59EDB00BB5309 /* Frameworks */ = {
			isa = PBXFrameworksBuildPhase;
			buildActionMask = 2147483647;
			files = (
			);
			runOnlyForDeploymentPostprocessing = 0;
		};
		F43CE9A42BF59EDD00BB5309 /* Frameworks */ = {
			isa = PBXFrameworksBuildPhase;
			buildActionMask = 2147483647;
			files = (
			);
			runOnlyForDeploymentPostprocessing = 0;
		};
		F43CE9AE2BF59EDD00BB5309 /* Frameworks */ = {
			isa = PBXFrameworksBuildPhase;
			buildActionMask = 2147483647;
			files = (
			);
			runOnlyForDeploymentPostprocessing = 0;
		};
/* End PBXFrameworksBuildPhase section */

/* Begin PBXGroup section */
		F43CE98D2BF59EDB00BB5309 = {
			isa = PBXGroup;
			children = (
				F43CE9982BF59EDB00BB5309 /* FullyReusableMicrowave */,
				F43CE9AA2BF59EDD00BB5309 /* FullyReusableMicrowaveTests */,
				F43CE9B42BF59EDD00BB5309 /* FullyReusableMicrowaveUITests */,
				F43CE9972BF59EDB00BB5309 /* Products */,
			);
			sourceTree = "<group>";
		};
		F43CE9972BF59EDB00BB5309 /* Products */ = {
			isa = PBXGroup;
			children = (
				F43CE9962BF59EDB00BB5309 /* FullyReusableMicrowave.app */,
				F43CE9A72BF59EDD00BB5309 /* FullyReusableMicrowaveTests.xctest */,
				F43CE9B12BF59EDD00BB5309 /* FullyReusableMicrowaveUITests.xctest */,
			);
			name = Products;
			sourceTree = "<group>";
		};
		F43CE9982BF59EDB00BB5309 /* FullyReusableMicrowave */ = {
			isa = PBXGroup;
			children = (
				F43CE9992BF59EDB00BB5309 /* FullyReusableMicrowaveApp.swift */,
				F43CE99B2BF59EDB00BB5309 /* GameView.swift */,
				F43CE99D2BF59EDD00BB5309 /* Assets.xcassets */,
				F43CE9A22BF59EDD00BB5309 /* FullyReusableMicrowave.entitlements */,
				F43CE99F2BF59EDD00BB5309 /* Preview Content */,
			);
			path = FullyReusableMicrowave;
			sourceTree = "<group>";
		};
		F43CE99F2BF59EDD00BB5309 /* Preview Content */ = {
			isa = PBXGroup;
			children = (
				F43CE9A02BF59EDD00BB5309 /* Preview Assets.xcassets */,
			);
			path = "Preview Content";
			sourceTree = "<group>";
		};
		F43CE9AA2BF59EDD00BB5309 /* FullyReusableMicrowaveTests */ = {
			isa = PBXGroup;
			children = (
				F43CE9AB2BF59EDD00BB5309 /* FullyReusableMicrowaveTests.swift */,
			);
			path = FullyReusableMicrowaveTests;
			sourceTree = "<group>";
		};
		F43CE9B42BF59EDD00BB5309 /* FullyReusableMicrowaveUITests */ = {
			isa = PBXGroup;
			children = (
				F43CE9B52BF59EDD00BB5309 /* FullyReusableMicrowaveUITests.swift */,
				F43CE9B72BF59EDD00BB5309 /* FullyReusableMicrowaveUITestsLaunchTests.swift */,
			);
			path = FullyReusableMicrowaveUITests;
			sourceTree = "<group>";
		};
/* End PBXGroup section */

/* Begin PBXNativeTarget section */
		F43CE9952BF59EDB00BB5309 /* FullyReusableMicrowave */ = {
			isa = PBXNativeTarget;
			buildConfigurationList = F43CE9BB2BF59EDD00BB5309 /* Build configuration list for PBXNativeTarget "FullyReusableMicrowave" */;
			buildPhases = (
				F43CE9922BF59EDB00BB5309 /* Sources */,
				F43CE9932BF59EDB00BB5309 /* Frameworks */,
				F43CE9942BF59EDB00BB5309 /* Resources */,
			);
			buildRules = (
			);
			dependencies = (
			);
			name = FullyReusableMicrowave;
			productName = FullyReusableMicrowave;
			productReference = F43CE9962BF59EDB00BB5309 /* FullyReusableMicrowave.app */;
			productType = "com.apple.product-type.application";
		};
		F43CE9A62BF59EDD00BB5309 /* FullyReusableMicrowaveTests */ = {
			isa = PBXNativeTarget;
			buildConfigurationList = F43CE9BE2BF59EDD00BB5309 /* Build configuration list for PBXNativeTarget "FullyReusableMicrowaveTests" */;
			buildPhases = (
				F43CE9A32BF59EDD00BB5309 /* Sources */,
				F43CE9A42BF59EDD00BB5309 /* Frameworks */,
				F43CE9A52BF59EDD00BB5309 /* Resources */,
			);
			buildRules = (
			);
			dependencies = (
				F43CE9A92BF59EDD00BB5309 /* PBXTargetDependency */,
			);
			name = FullyReusableMicrowaveTests;
			productName = FullyReusableMicrowaveTests;
			productReference = F43CE9A72BF59EDD00BB5309 /* FullyReusableMicrowaveTests.xctest */;
			productType = "com.apple.product-type.bundle.unit-test";
		};
		F43CE9B02BF59EDD00BB5309 /* FullyReusableMicrowaveUITests */ = {
			isa = PBXNativeTarget;
			buildConfigurationList = F43CE9C12BF59EDD00BB5309 /* Build configuration list for PBXNativeTarget "FullyReusableMicrowaveUITests" */;
			buildPhases = (
				F43CE9AD2BF59EDD00BB5309 /* Sources */,
				F43CE9AE2BF59EDD00BB5309 /* Frameworks */,
				F43CE9AF2BF59EDD00BB5309 /* Resources */,
			);
			buildRules = (
			);
			dependencies = (
				F43CE9B32BF59EDD00BB5309 /* PBXTargetDependency */,
			);
			name = FullyReusableMicrowaveUITests;
			productName = FullyReusableMicrowaveUITests;
			productReference = F43CE9B12BF59EDD00BB5309 /* FullyReusableMicrowaveUITests.xctest */;
			productType = "com.apple.product-type.bundle.ui-testing";
		};
/* End PBXNativeTarget section */

/* Begin PBXProject section */
		F43CE98E2BF59EDB00BB5309 /* Project object */ = {
			isa = PBXProject;
			attributes = {
				BuildIndependentTargetsInParallel = 1;
				LastSwiftUpdateCheck = 1520;
				LastUpgradeCheck = 1520;
				TargetAttributes = {
					F43CE9952BF59EDB00BB5309 = {
						CreatedOnToolsVersion = 15.2;
					};
					F43CE9A62BF59EDD00BB5309 = {
						CreatedOnToolsVersion = 15.2;
						TestTargetID = F43CE9952BF59EDB00BB5309;
					};
					F43CE9B02BF59EDD00BB5309 = {
						CreatedOnToolsVersion = 15.2;
						TestTargetID = F43CE9952BF59EDB00BB5309;
					};
				};
			};
			buildConfigurationList = F43CE9912BF59EDB00BB5309 /* Build configuration list for PBXProject "FullyReusableMicrowave" */;
			compatibilityVersion = "Xcode 14.0";
			developmentRegion = en;
			hasScannedForEncodings = 0;
			knownRegions = (
				en,
				Base,
			);
			mainGroup = F43CE98D2BF59EDB00BB5309;
			productRefGroup = F43CE9972BF59EDB00BB5309 /* Products */;
			projectDirPath = "";
			projectRoot = "";
			targets = (
				F43CE9952BF59EDB00BB5309 /* FullyReusableMicrowave */,
				F43CE9A62BF59EDD00BB5309 /* FullyReusableMicrowaveTests */,
				F43CE9B02BF59EDD00BB5309 /* FullyReusableMicrowaveUITests */,
			);
		};
/* End PBXProject section */

/* Begin PBXResourcesBuildPhase section */
		F43CE9942BF59EDB00BB5309 /* Resources */ = {
			isa = PBXResourcesBuildPhase;
			buildActionMask = 2147483647;
			files = (
				F43CE9A12BF59EDD00BB5309 /* Preview Assets.xcassets in Resources */,
				F43CE99E2BF59EDD00BB5309 /* Assets.xcassets in Resources */,
			);
			runOnlyForDeploymentPostprocessing = 0;
		};
		F43CE9A52BF59EDD00BB5309 /* Resources */ = {
			isa = PBXResourcesBuildPhase;
			buildActionMask = 2147483647;
			files = (
			);
			runOnlyForDeploymentPostprocessing = 0;
		};
		F43CE9AF2BF59EDD00BB5309 /* Resources */ = {
			isa = PBXResourcesBuildPhase;
			buildActionMask = 2147483647;
			files = (
			);
			runOnlyForDeploymentPostprocessing = 0;
		};
/* End PBXResourcesBuildPhase section */

/* Begin PBXSourcesBuildPhase section */
		F43CE9922BF59EDB00BB5309 /* Sources */ = {
			isa = PBXSourcesBuildPhase;
			buildActionMask = 2147483647;
			files = (
				F43CE99C2BF59EDB00BB5309 /* GameView.swift in Sources */,
				F43CE99A2BF59EDB00BB5309 /* FullyReusableMicrowaveApp.swift in Sources */,
			);
			runOnlyForDeploymentPostprocessing = 0;
		};
		F43CE9A32BF59EDD00BB5309 /* Sources */ = {
			isa = PBXSourcesBuildPhase;
			buildActionMask = 2147483647;
			files = (
				F43CE9AC2BF59EDD00BB5309 /* FullyReusableMicrowaveTests.swift in Sources */,
			);
			runOnlyForDeploymentPostprocessing = 0;
		};
		F43CE9AD2BF59EDD00BB5309 /* Sources */ = {
			isa = PBXSourcesBuildPhase;
			buildActionMask = 2147483647;
			files = (
				F43CE9B82BF59EDD00BB5309 /* FullyReusableMicrowaveUITestsLaunchTests.swift in Sources */,
				F43CE9B62BF59EDD00BB5309 /* FullyReusableMicrowaveUITests.swift in Sources */,
			);
			runOnlyForDeploymentPostprocessing = 0;
		};
/* End PBXSourcesBuildPhase section */

/* Begin PBXTargetDependency section */
		F43CE9A92BF59EDD00BB5309 /* PBXTargetDependency */ = {
			isa = PBXTargetDependency;
			target = F43CE9952BF59EDB00BB5309 /* FullyReusableMicrowave */;
			targetProxy = F43CE9A82BF59EDD00BB5309 /* PBXContainerItemProxy */;
		};
		F43CE9B32BF59EDD00BB5309 /* PBXTargetDependency */ = {
			isa = PBXTargetDependency;
			target = F43CE9952BF59EDB00BB5309 /* FullyReusableMicrowave */;
			targetProxy = F43CE9B22BF59EDD00BB5309 /* PBXContainerItemProxy */;
		};
/* End PBXTargetDependency section */

/* Begin XCBuildConfiguration section */
		F43CE9B92BF59EDD00BB5309 /* Debug */ = {
			isa = XCBuildConfiguration;
			buildSettings = {
				ALWAYS_SEARCH_USER_PATHS = NO;
				ASSETCATALOG_COMPILER_GENERATE_SWIFT_ASSET_SYMBOL_EXTENSIONS = YES;
				CLANG_ANALYZER_NONNULL = YES;
				CLANG_ANALYZER_NUMBER_OBJECT_CONVERSION = YES_AGGRESSIVE;
				CLANG_CXX_LANGUAGE_STANDARD = "gnu++20";
				CLANG_ENABLE_MODULES = YES;
				CLANG_ENABLE_OBJC_ARC = YES;
				CLANG_ENABLE_OBJC_WEAK = YES;
				CLANG_WARN_BLOCK_CAPTURE_AUTORELEASING = YES;
				CLANG_WARN_BOOL_CONVERSION = YES;
				CLANG_WARN_COMMA = YES;
				CLANG_WARN_CONSTANT_CONVERSION = YES;
				CLANG_WARN_DEPRECATED_OBJC_IMPLEMENTATIONS = YES;
				CLANG_WARN_DIRECT_OBJC_ISA_USAGE = YES_ERROR;
				CLANG_WARN_DOCUMENTATION_COMMENTS = YES;
				CLANG_WARN_EMPTY_BODY = YES;
				CLANG_WARN_ENUM_CONVERSION = YES;
				CLANG_WARN_INFINITE_RECURSION = YES;
				CLANG_WARN_INT_CONVERSION = YES;
				CLANG_WARN_NON_LITERAL_NULL_CONVERSION = YES;
				CLANG_WARN_OBJC_IMPLICIT_RETAIN_SELF = YES;
				CLANG_WARN_OBJC_LITERAL_CONVERSION = YES;
				CLANG_WARN_OBJC_ROOT_CLASS = YES_ERROR;
				CLANG_WARN_QUOTED_INCLUDE_IN_FRAMEWORK_HEADER = YES;
				CLANG_WARN_RANGE_LOOP_ANALYSIS = YES;
				CLANG_WARN_STRICT_PROTOTYPES = YES;
				CLANG_WARN_SUSPICIOUS_MOVE = YES;
				CLANG_WARN_UNGUARDED_AVAILABILITY = YES_AGGRESSIVE;
				CLANG_WARN_UNREACHABLE_CODE = YES;
				CLANG_WARN__DUPLICATE_METHOD_MATCH = YES;
				COPY_PHASE_STRIP = NO;
				DEBUG_INFORMATION_FORMAT = dwarf;
				ENABLE_STRICT_OBJC_MSGSEND = YES;
				ENABLE_TESTABILITY = YES;
				ENABLE_USER_SCRIPT_SANDBOXING = YES;
				GCC_C_LANGUAGE_STANDARD = gnu17;
				GCC_DYNAMIC_NO_PIC = NO;
				GCC_NO_COMMON_BLOCKS = YES;
				GCC_OPTIMIZATION_LEVEL = 0;
				GCC_PREPROCESSOR_DEFINITIONS = (
					"DEBUG=1",
					"$(inherited)",
				);
				GCC_WARN_64_TO_32_BIT_CONVERSION = YES;
				GCC_WARN_ABOUT_RETURN_TYPE = YES_ERROR;
				GCC_WARN_UNDECLARED_SELECTOR = YES;
				GCC_WARN_UNINITIALIZED_AUTOS = YES_AGGRESSIVE;
				GCC_WARN_UNUSED_FUNCTION = YES;
				GCC_WARN_UNUSED_VARIABLE = YES;
				LOCALIZATION_PREFERS_STRING_CATALOGS = YES;
				MACOSX_DEPLOYMENT_TARGET = 14.2;
				MTL_ENABLE_DEBUG_INFO = INCLUDE_SOURCE;
				MTL_FAST_MATH = YES;
				ONLY_ACTIVE_ARCH = YES;
				SDKROOT = macosx;
				SWIFT_ACTIVE_COMPILATION_CONDITIONS = "DEBUG $(inherited)";
				SWIFT_OPTIMIZATION_LEVEL = "-Onone";
			};
			name = Debug;
		};
		F43CE9BA2BF59EDD00BB5309 /* Release */ = {
			isa = XCBuildConfiguration;
			buildSettings = {
				ALWAYS_SEARCH_USER_PATHS = NO;
				ASSETCATALOG_COMPILER_GENERATE_SWIFT_ASSET_SYMBOL_EXTENSIONS = YES;
				CLANG_ANALYZER_NONNULL = YES;
				CLANG_ANALYZER_NUMBER_OBJECT_CONVERSION = YES_AGGRESSIVE;
				CLANG_CXX_LANGUAGE_STANDARD = "gnu++20";
				CLANG_ENABLE_MODULES = YES;
				CLANG_ENABLE_OBJC_ARC = YES;
				CLANG_ENABLE_OBJC_WEAK = YES;
				CLANG_WARN_BLOCK_CAPTURE_AUTORELEASING = YES;
				CLANG_WARN_BOOL_CONVERSION = YES;
				CLANG_WARN_COMMA = YES;
				CLANG_WARN_CONSTANT_CONVERSION = YES;
				CLANG_WARN_DEPRECATED_OBJC_IMPLEMENTATIONS = YES;
				CLANG_WARN_DIRECT_OBJC_ISA_USAGE = YES_ERROR;
				CLANG_WARN_DOCUMENTATION_COMMENTS = YES;
				CLANG_WARN_EMPTY_BODY = YES;
				CLANG_WARN_ENUM_CONVERSION = YES;
				CLANG_WARN_INFINITE_RECURSION = YES;
				CLANG_WARN_INT_CONVERSION = YES;
				CLANG_WARN_NON_LITERAL_NULL_CONVERSION = YES;
				CLANG_WARN_OBJC_IMPLICIT_RETAIN_SELF = YES;
				CLANG_WARN_OBJC_LITERAL_CONVERSION = YES;
				CLANG_WARN_OBJC_ROOT_CLASS = YES_ERROR;
				CLANG_WARN_QUOTED_INCLUDE_IN_FRAMEWORK_HEADER = YES;
				CLANG_WARN_RANGE_LOOP_ANALYSIS = YES;
				CLANG_WARN_STRICT_PROTOTYPES = YES;
				CLANG_WARN_SUSPICIOUS_MOVE = YES;
				CLANG_WARN_UNGUARDED_AVAILABILITY = YES_AGGRESSIVE;
				CLANG_WARN_UNREACHABLE_CODE = YES;
				CLANG_WARN__DUPLICATE_METHOD_MATCH = YES;
				COPY_PHASE_STRIP = NO;
				DEBUG_INFORMATION_FORMAT = "dwarf-with-dsym";
				ENABLE_NS_ASSERTIONS = NO;
				ENABLE_STRICT_OBJC_MSGSEND = YES;
				ENABLE_USER_SCRIPT_SANDBOXING = YES;
				GCC_C_LANGUAGE_STANDARD = gnu17;
				GCC_NO_COMMON_BLOCKS = YES;
				GCC_WARN_64_TO_32_BIT_CONVERSION = YES;
				GCC_WARN_ABOUT_RETURN_TYPE = YES_ERROR;
				GCC_WARN_UNDECLARED_SELECTOR = YES;
				GCC_WARN_UNINITIALIZED_AUTOS = YES_AGGRESSIVE;
				GCC_WARN_UNUSED_FUNCTION = YES;
				GCC_WARN_UNUSED_VARIABLE = YES;
				LOCALIZATION_PREFERS_STRING_CATALOGS = YES;
				MACOSX_DEPLOYMENT_TARGET = 14.2;
				MTL_ENABLE_DEBUG_INFO = NO;
				MTL_FAST_MATH = YES;
				SDKROOT = macosx;
				SWIFT_COMPILATION_MODE = wholemodule;
			};
			name = Release;
		};
		F43CE9BC2BF59EDD00BB5309 /* Debug */ = {
			isa = XCBuildConfiguration;
			buildSettings = {
				ASSETCATALOG_COMPILER_APPICON_NAME = AppIcon;
				ASSETCATALOG_COMPILER_GLOBAL_ACCENT_COLOR_NAME = AccentColor;
				CODE_SIGN_ENTITLEMENTS = FullyReusableMicrowave/FullyReusableMicrowave.entitlements;
				CODE_SIGN_STYLE = Automatic;
				COMBINE_HIDPI_IMAGES = YES;
				CURRENT_PROJECT_VERSION = 1;
				DEVELOPMENT_ASSET_PATHS = "\"FullyReusableMicrowave/Preview Content\"";
				ENABLE_PREVIEWS = YES;
				GENERATE_INFOPLIST_FILE = YES;
				INFOPLIST_KEY_NSHumanReadableCopyright = "";
				LD_RUNPATH_SEARCH_PATHS = (
					"$(inherited)",
					"@executable_path/../Frameworks",
				);
				MARKETING_VERSION = 1.0;
				PRODUCT_BUNDLE_IDENTIFIER = SemiReusableMagnetron.FullyReusableMicrowave;
				PRODUCT_NAME = "$(TARGET_NAME)";
				SWIFT_EMIT_LOC_STRINGS = YES;
				SWIFT_VERSION = 5.0;
			};
			name = Debug;
		};
		F43CE9BD2BF59EDD00BB5309 /* Release */ = {
			isa = XCBuildConfiguration;
			buildSettings = {
				ASSETCATALOG_COMPILER_APPICON_NAME = AppIcon;
				ASSETCATALOG_COMPILER_GLOBAL_ACCENT_COLOR_NAME = AccentColor;
				CODE_SIGN_ENTITLEMENTS = FullyReusableMicrowave/FullyReusableMicrowave.entitlements;
				CODE_SIGN_STYLE = Automatic;
				COMBINE_HIDPI_IMAGES = YES;
				CURRENT_PROJECT_VERSION = 1;
				DEVELOPMENT_ASSET_PATHS = "\"FullyReusableMicrowave/Preview Content\"";
				ENABLE_PREVIEWS = YES;
				GENERATE_INFOPLIST_FILE = YES;
				INFOPLIST_KEY_NSHumanReadableCopyright = "";
				LD_RUNPATH_SEARCH_PATHS = (
					"$(inherited)",
					"@executable_path/../Frameworks",
				);
				MARKETING_VERSION = 1.0;
				PRODUCT_BUNDLE_IDENTIFIER = SemiReusableMagnetron.FullyReusableMicrowave;
				PRODUCT_NAME = "$(TARGET_NAME)";
				SWIFT_EMIT_LOC_STRINGS = YES;
				SWIFT_VERSION = 5.0;
			};
			name = Release;
		};
		F43CE9BF2BF59EDD00BB5309 /* Debug */ = {
			isa = XCBuildConfiguration;
			buildSettings = {
				ALWAYS_EMBED_SWIFT_STANDARD_LIBRARIES = YES;
				BUNDLE_LOADER = "$(TEST_HOST)";
				CODE_SIGN_STYLE = Automatic;
				CURRENT_PROJECT_VERSION = 1;
				GENERATE_INFOPLIST_FILE = YES;
				MACOSX_DEPLOYMENT_TARGET = 14.2;
				MARKETING_VERSION = 1.0;
				PRODUCT_BUNDLE_IDENTIFIER = SemiReusableMagnetron.FullyReusableMicrowaveTests;
				PRODUCT_NAME = "$(TARGET_NAME)";
				SWIFT_EMIT_LOC_STRINGS = NO;
				SWIFT_VERSION = 5.0;
				TEST_HOST = "$(BUILT_PRODUCTS_DIR)/FullyReusableMicrowave.app/$(BUNDLE_EXECUTABLE_FOLDER_PATH)/FullyReusableMicrowave";
			};
			name = Debug;
		};
		F43CE9C02BF59EDD00BB5309 /* Release */ = {
			isa = XCBuildConfiguration;
			buildSettings = {
				ALWAYS_EMBED_SWIFT_STANDARD_LIBRARIES = YES;
				BUNDLE_LOADER = "$(TEST_HOST)";
				CODE_SIGN_STYLE = Automatic;
				CURRENT_PROJECT_VERSION = 1;
				GENERATE_INFOPLIST_FILE = YES;
				MACOSX_DEPLOYMENT_TARGET = 14.2;
				MARKETING_VERSION = 1.0;
				PRODUCT_BUNDLE_IDENTIFIER = SemiReusableMagnetron.FullyReusableMicrowaveTests;
				PRODUCT_NAME = "$(TARGET_NAME)";
				SWIFT_EMIT_LOC_STRINGS = NO;
				SWIFT_VERSION = 5.0;
				TEST_HOST = "$(BUILT_PRODUCTS_DIR)/FullyReusableMicrowave.app/$(BUNDLE_EXECUTABLE_FOLDER_PATH)/FullyReusableMicrowave";
			};
			name = Release;
		};
		F43CE9C22BF59EDD00BB5309 /* Debug */ = {
			isa = XCBuildConfiguration;
			buildSettings = {
				ALWAYS_EMBED_SWIFT_STANDARD_LIBRARIES = YES;
				CODE_SIGN_STYLE = Automatic;
				CURRENT_PROJECT_VERSION = 1;
				GENERATE_INFOPLIST_FILE = YES;
				MARKETING_VERSION = 1.0;
				PRODUCT_BUNDLE_IDENTIFIER = SemiReusableMagnetron.FullyReusableMicrowaveUITests;
				PRODUCT_NAME = "$(TARGET_NAME)";
				SWIFT_EMIT_LOC_STRINGS = NO;
				SWIFT_VERSION = 5.0;
				TEST_TARGET_NAME = FullyReusableMicrowave;
			};
			name = Debug;
		};
		F43CE9C32BF59EDD00BB5309 /* Release */ = {
			isa = XCBuildConfiguration;
			buildSettings = {
				ALWAYS_EMBED_SWIFT_STANDARD_LIBRARIES = YES;
				CODE_SIGN_STYLE = Automatic;
				CURRENT_PROJECT_VERSION = 1;
				GENERATE_INFOPLIST_FILE = YES;
				MARKETING_VERSION = 1.0;
				PRODUCT_BUNDLE_IDENTIFIER = SemiReusableMagnetron.FullyReusableMicrowaveUITests;
				PRODUCT_NAME = "$(TARGET_NAME)";
				SWIFT_EMIT_LOC_STRINGS = NO;
				SWIFT_VERSION = 5.0;
				TEST_TARGET_NAME = FullyReusableMicrowave;
			};
			name = Release;
		};
/* End XCBuildConfiguration section */

/* Begin XCConfigurationList section */
		F43CE9912BF59EDB00BB5309 /* Build configuration list for PBXProject "FullyReusableMicrowave" */ = {
			isa = XCConfigurationList;
			buildConfigurations = (
				F43CE9B92BF59EDD00BB5309 /* Debug */,
				F43CE9BA2BF59EDD00BB5309 /* Release */,
			);
			defaultConfigurationIsVisible = 0;
			defaultConfigurationName = Release;
		};
		F43CE9BB2BF59EDD00BB5309 /* Build configuration list for PBXNativeTarget "FullyReusableMicrowave" */ = {
			isa = XCConfigurationList;
			buildConfigurations = (
				F43CE9BC2BF59EDD00BB5309 /* Debug */,
				F43CE9BD2BF59EDD00BB5309 /* Release */,
			);
			defaultConfigurationIsVisible = 0;
			defaultConfigurationName = Release;
		};
		F43CE9BE2BF59EDD00BB5309 /* Build configuration list for PBXNativeTarget "FullyReusableMicrowaveTests" */ = {
			isa = XCConfigurationList;
			buildConfigurations = (
				F43CE9BF2BF59EDD00BB5309 /* Debug */,
				F43CE9C02BF59EDD00BB5309 /* Release */,
			);
			defaultConfigurationIsVisible = 0;
			defaultConfigurationName = Release;
		};
		F43CE9C12BF59EDD00BB5309 /* Build configuration list for PBXNativeTarget "FullyReusableMicrowaveUITests" */ = {
			isa = XCConfigurationList;
			buildConfigurations = (
				F43CE9C22BF59EDD00BB5309 /* Debug */,
				F43CE9C32BF59EDD00BB5309 /* Release */,
			);
			defaultConfigurationIsVisible = 0;
			defaultConfigurationName = Release;
		};
/* End XCConfigurationList section */
	};
	rootObject = F43CE98E2BF59EDB00BB5309 /* Project object */;
}
